# THIS IS AN AUTOGENERATED FILE. DO NOT EDIT THIS FILE DIRECTLY.
# yarn lockfile v1


"@sentry/browser@^6.0.0":
  version "6.0.1"
  resolved "https://registry.npm.taobao.org/@sentry/browser/download/@sentry/browser-6.0.1.tgz?cache=0&sync_timestamp=1611240216888&other_urls=https%3A%2F%2Fregistry.npm.taobao.org%2F%40sentry%2Fbrowser%2Fdownload%2F%40sentry%2Fbrowser-6.0.1.tgz#5d0b8e3bc893c1c7e55a9238e23ed47adf264fa2"
  integrity sha1-XQuOO8iTwcflWpI44j7Uet8mT6I=
  dependencies:
    "@sentry/core" "6.0.1"
    "@sentry/types" "6.0.1"
    "@sentry/utils" "6.0.1"
    tslib "^1.9.3"

"@sentry/cli@^1.61.0":
  version "1.61.0"
  resolved "https://registry.npm.taobao.org/@sentry/cli/download/@sentry/cli-1.61.0.tgz#98be4cce2d61df91a8cb42afb740b46eba029925"
  integrity sha1-mL5Mzi1h35Goy0Kvt0C0broCmSU=
  dependencies:
    https-proxy-agent "^5.0.0"
    mkdirp "^0.5.5"
    node-fetch "^2.6.0"
    progress "^2.0.3"
    proxy-from-env "^1.1.0"

"@sentry/core@6.0.1":
  version "6.0.1"
  resolved "https://registry.npm.taobao.org/@sentry/core/download/@sentry/core-6.0.1.tgz?cache=0&sync_timestamp=1611240217415&other_urls=https%3A%2F%2Fregistry.npm.taobao.org%2F%40sentry%2Fcore%2Fdownload%2F%40sentry%2Fcore-6.0.1.tgz#4024b2b04e5ce78ce35d7795a283fbd235f37757"
  integrity sha1-QCSysE5c54zjXXeVooP70jXzd1c=
  dependencies:
    "@sentry/hub" "6.0.1"
    "@sentry/minimal" "6.0.1"
    "@sentry/types" "6.0.1"
    "@sentry/utils" "6.0.1"
    tslib "^1.9.3"

"@sentry/hub@6.0.1":
  version "6.0.1"
  resolved "https://registry.npm.taobao.org/@sentry/hub/download/@sentry/hub-6.0.1.tgz?cache=0&sync_timestamp=1611239848120&other_urls=https%3A%2F%2Fregistry.npm.taobao.org%2F%40sentry%2Fhub%2Fdownload%2F%40sentry%2Fhub-6.0.1.tgz#6a338522f62d6d6282822e16da4385a5a854f0a8"
  integrity sha1-ajOFIvYtbWKCgi4W2kOFpahU8Kg=
  dependencies:
    "@sentry/types" "6.0.1"
    "@sentry/utils" "6.0.1"
    tslib "^1.9.3"

"@sentry/integrations@^6.0.1":
  version "6.0.1"
  resolved "https://registry.npm.taobao.org/@sentry/integrations/download/@sentry/integrations-6.0.1.tgz#43eabf40eb8e004a8a59449dad651615129fff11"
  integrity sha1-Q+q/QOuOAEqKWUSdrWUWFRKf/xE=
  dependencies:
    "@sentry/types" "6.0.1"
    "@sentry/utils" "6.0.1"
    localforage "1.8.1"
    tslib "^1.9.3"

"@sentry/minimal@6.0.1":
  version "6.0.1"
  resolved "https://registry.npm.taobao.org/@sentry/minimal/download/@sentry/minimal-6.0.1.tgz?cache=0&sync_timestamp=1611239854381&other_urls=https%3A%2F%2Fregistry.npm.taobao.org%2F%40sentry%2Fminimal%2Fdownload%2F%40sentry%2Fminimal-6.0.1.tgz#f970a59b024d08e61e00d518081eb4b7591f3d77"
  integrity sha1-+XClmwJNCOYeANUYCB60t1kfPXc=
  dependencies:
    "@sentry/hub" "6.0.1"
    "@sentry/types" "6.0.1"
    tslib "^1.9.3"

"@sentry/node@^6.0.0":
  version "6.0.1"
  resolved "https://registry.npm.taobao.org/@sentry/node/download/@sentry/node-6.0.1.tgz#fe8d030047d4101a5d9e674dfd3ee98730537eb0"
  integrity sha1-/o0DAEfUEBpdnmdN/T7phzBTfrA=
  dependencies:
    "@sentry/core" "6.0.1"
    "@sentry/hub" "6.0.1"
    "@sentry/tracing" "6.0.1"
    "@sentry/types" "6.0.1"
    "@sentry/utils" "6.0.1"
    cookie "^0.4.1"
    https-proxy-agent "^5.0.0"
    lru_map "^0.3.3"
    tslib "^1.9.3"

"@sentry/tracing@6.0.1", "@sentry/tracing@^6.0.0":
  version "6.0.1"
  resolved "https://registry.npm.taobao.org/@sentry/tracing/download/@sentry/tracing-6.0.1.tgz#82001ce3369e05fe161e57dfb3cb3784fbe3f23b"
  integrity sha1-ggAc4zaeBf4WHlffs8s3hPvj8js=
  dependencies:
    "@sentry/hub" "6.0.1"
    "@sentry/minimal" "6.0.1"
    "@sentry/types" "6.0.1"
    "@sentry/utils" "6.0.1"
    tslib "^1.9.3"

"@sentry/types@6.0.1":
  version "6.0.1"
  resolved "https://registry.npm.taobao.org/@sentry/types/download/@sentry/types-6.0.1.tgz#4d1a281a4a79541b607361523e08058c6676409e"
  integrity sha1-TRooGkp5VBtgc2FSPggFjGZ2QJ4=

"@sentry/utils@6.0.1":
  version "6.0.1"
  resolved "https://registry.npm.taobao.org/@sentry/utils/download/@sentry/utils-6.0.1.tgz?cache=0&sync_timestamp=1611240717301&other_urls=https%3A%2F%2Fregistry.npm.taobao.org%2F%40sentry%2Futils%2Fdownload%2F%40sentry%2Futils-6.0.1.tgz#061ef604df519e1488960484e9bf0cbcb8d8c9a4"
  integrity sha1-Bh72BN9RnhSIlgSE6b8MvLjYyaQ=
  dependencies:
    "@sentry/types" "6.0.1"
    tslib "^1.9.3"

agent-base@6:
  version "6.0.2"
  resolved "https://registry.npm.taobao.org/agent-base/download/agent-base-6.0.2.tgz?cache=0&sync_timestamp=1603480011934&other_urls=https%3A%2F%2Fregistry.npm.taobao.org%2Fagent-base%2Fdownload%2Fagent-base-6.0.2.tgz#49fff58577cfee3f37176feab4c22e00f86d7f77"
  integrity sha1-Sf/1hXfP7j83F2/qtMIuAPhtf3c=
  dependencies:
    debug "4"

cookie@^0.4.1:
  version "0.4.1"
  resolved "https://registry.npm.taobao.org/cookie/download/cookie-0.4.1.tgz#afd713fe26ebd21ba95ceb61f9a8116e50a537d1"
  integrity sha1-r9cT/ibr0hupXOth+agRblClN9E=

debug@4:
  version "4.3.1"
  resolved "https://registry.npm.taobao.org/debug/download/debug-4.3.1.tgz?cache=0&sync_timestamp=1607566571506&other_urls=https%3A%2F%2Fregistry.npm.taobao.org%2Fdebug%2Fdownload%2Fdebug-4.3.1.tgz#f0d229c505e0c6d8c49ac553d1b13dc183f6b2ee"
  integrity sha1-8NIpxQXgxtjEmsVT0bE9wYP2su4=
  dependencies:
    ms "2.1.2"

https-proxy-agent@^5.0.0:
  version "5.0.0"
  resolved "https://registry.npm.taobao.org/https-proxy-agent/download/https-proxy-agent-5.0.0.tgz#e2a90542abb68a762e0a0850f6c9edadfd8506b2"
  integrity sha1-4qkFQqu2inYuCghQ9sntrf2FBrI=
  dependencies:
    agent-base "6"
    debug "4"

immediate@~3.0.5:
  version "3.0.6"
  resolved "https://registry.npm.taobao.org/immediate/download/immediate-3.0.6.tgz#9db1dbd0faf8de6fbe0f5dd5e56bb606280de69b"
  integrity sha1-nbHb0Pr43m++D13V5Wu2BigN5ps=

lie@3.1.1:
  version "3.1.1"
  resolved "https://registry.npm.taobao.org/lie/download/lie-3.1.1.tgz#9a436b2cc7746ca59de7a41fa469b3efb76bd87e"
  integrity sha1-mkNrLMd0bKWd56QfpGmz77dr2H4=
  dependencies:
    immediate "~3.0.5"

localforage@1.8.1:
  version "1.8.1"
  resolved "https://registry.npm.taobao.org/localforage/download/localforage-1.8.1.tgz#f6c0a24b41ab33b10e4dc84342dd696f6f3e3433"
  integrity sha1-9sCiS0GrM7EOTchDQt1pb28+NDM=
  dependencies:
    lie "3.1.1"

lru_map@^0.3.3:
  version "0.3.3"
  resolved "https://registry.npm.taobao.org/lru_map/download/lru_map-0.3.3.tgz#b5c8351b9464cbd750335a79650a0ec0e56118dd"
  integrity sha1-tcg1G5Rky9dQM1p5ZQoOwOVhGN0=

minimist@^1.2.5:
  version "1.2.5"
  resolved "https://registry.npm.taobao.org/minimist/download/minimist-1.2.5.tgz?cache=0&other_urls=https%3A%2F%2Fregistry.npm.taobao.org%2Fminimist%2Fdownload%2Fminimist-1.2.5.tgz#67d66014b66a6a8aaa0c083c5fd58df4e4e97602"
  integrity sha1-Z9ZgFLZqaoqqDAg8X9WN9OTpdgI=

mkdirp@^0.5.5:
  version "0.5.5"
  resolved "https://registry.npm.taobao.org/mkdirp/download/mkdirp-0.5.5.tgz#d91cefd62d1436ca0f41620e251288d420099def"
  integrity sha1-2Rzv1i0UNsoPQWIOJRKI1CAJne8=
  dependencies:
    minimist "^1.2.5"

ms@2.1.2:
  version "2.1.2"
  resolved "https://registry.npm.taobao.org/ms/download/ms-2.1.2.tgz?cache=0&sync_timestamp=1607433872491&other_urls=https%3A%2F%2Fregistry.npm.taobao.org%2Fms%2Fdownload%2Fms-2.1.2.tgz#d09d1f357b443f493382a8eb3ccd183872ae6009"
  integrity sha1-0J0fNXtEP0kzgqjrPM0YOHKuYAk=

node-fetch@^2.6.0:
  version "2.6.1"
  resolved "https://registry.npm.taobao.org/node-fetch/download/node-fetch-2.6.1.tgz?cache=0&sync_timestamp=1599309667528&other_urls=https%3A%2F%2Fregistry.npm.taobao.org%2Fnode-fetch%2Fdownload%2Fnode-fetch-2.6.1.tgz#045bd323631f76ed2e2b55573394416b639a0052"
  integrity sha1-BFvTI2Mfdu0uK1VXM5RBa2OaAFI=

progress@^2.0.3:
  version "2.0.3"
  resolved "https://registry.npm.taobao.org/progress/download/progress-2.0.3.tgz#7e8cf8d8f5b8f239c1bc68beb4eb78567d572ef8"
  integrity sha1-foz42PW48jnBvGi+tOt4Vn1XLvg=

proxy-from-env@^1.1.0:
  version "1.1.0"
  resolved "https://registry.npm.taobao.org/proxy-from-env/download/proxy-from-env-1.1.0.tgz#e102f16ca355424865755d2c9e8ea4f24d58c3e2"
  integrity sha1-4QLxbKNVQkhldV0sno6k8k1Yw+I=

tslib@^1.9.3:
  version "1.14.1"
  resolved "https://registry.npm.taobao.org/tslib/download/tslib-1.14.1.tgz?cache=0&sync_timestamp=1609887446826&other_urls=https%3A%2F%2Fregistry.npm.taobao.org%2Ftslib%2Fdownload%2Ftslib-1.14.1.tgz#cf2d38bdc34a134bcaf1091c41f6619e2f672d00"
  integrity sha1-zy04vcNKE0vK8QkcQfZhni9nLQA=
